# Nexus — Fertiger Peers-Block für /etc/yggdrasil/yggdrasil.conf
# Quelle: configs/public-peers-catalog.yaml, Stand 28. Aug 2026
# Auswahl: die drei nächsten, stabilsten Peers für Hannover.
#   1. ygg1.mk16.de  — Nürnberg, DE (Netcup), 100% 7d
#   2. ygg2.mk16.de  — Nürnberg, DE (Netcup), 100% 7d
#   3. ygg7.mk16.de  — Österreich, 100% 7d
# Hinweis: Nur EIN Protokoll pro Host. Keine doppelten tcp/tls/quic-Einträge.
# Auf dem Host: diesen Block unter Peers: [] in yggdrasil.conf einfügen,
# dann: sudo systemctl restart yggdrasil

Peers:
  [
    tls://ygg1.mk16.de:1338?key=0000000087ee9949eeab56bd430ee8f324cad55abf3993ed9b9be63ce693e18a
    tls://ygg2.mk16.de:1338?key=000000d80a2d7b3126ea65c8c08fc751088c491a5cdd47eff11c86fa1e4644ae
    tls://ygg7.mk16.de:1338?key=000000086278b5f3ba1eb63acb5b7f6e406f04ce83990dee9c07f49011e375ae
  ]
